
Microsoft Visual Studio Solution File, Format Version 12.00
# Visual Studio Version 16
VisualStudioVersion = 16.0.32126.315
MinimumVisualStudioVersion = 10.0.40219.1
Project("{FAE04EC0-301F-11D3-BF4B-00C04F79EFBC}") = "ConsoleApp1", "ConsoleApp1.csproj", "{AF41A713-C66F-4031-B0A2-61FF57B2919A}"
EndProject
Global
	GlobalSection(SolutionConfigurationPlatforms) = preSolution
		Debug|Any CPU = Debug|Any CPU
		Release|Any CPU = Release|Any CPU
	EndGlobalSection
	GlobalSection(ProjectConfigurationPlatforms) = postSolution
		{AF41A713-C66F-4031-B0A2-61FF57B2919A}.Debug|Any CPU.ActiveCfg = Debug|Any CPU
		{AF41A713-C66F-4031-B0A2-61FF57B2919A}.Debug|Any CPU.Build.0 = Debug|Any CPU
		{AF41A713-C66F-4031-B0A2-61FF57B2919A}.Release|Any CPU.ActiveCfg = Release|Any CPU
		{AF41A713-C66F-4031-B0A2-61FF57B2919A}.Release|Any CPU.Build.0 = Release|Any CPU
	EndGlobalSection
	GlobalSection(SolutionProperties) = preSolution
		HideSolutionNode = FALSE
	EndGlobalSection
	GlobalSection(ExtensibilityGlobals) = postSolution
		SolutionGuid = {EB8D34E0-DD77-427D-90A4-64BCD50150CC}
	EndGlobalSection
EndGlobal
