
Microsoft Visual Studio Solution File, Format Version 12.00
# Visual Studio Version 16
VisualStudioVersion = 16.0.32106.194
MinimumVisualStudioVersion = 10.0.40219.1
Project("{FAE04EC0-301F-11D3-BF4B-00C04F79EFBC}") = "ConsoleApp3", "ConsoleApp3.csproj", "{77876FC9-BA23-4BAE-9A06-9A63EFBA408B}"
EndProject
Global
	GlobalSection(SolutionConfigurationPlatforms) = preSolution
		Debug|Any CPU = Debug|Any CPU
		Release|Any CPU = Release|Any CPU
	EndGlobalSection
	GlobalSection(ProjectConfigurationPlatforms) = postSolution
		{77876FC9-BA23-4BAE-9A06-9A63EFBA408B}.Debug|Any CPU.ActiveCfg = Debug|Any CPU
		{77876FC9-BA23-4BAE-9A06-9A63EFBA408B}.Debug|Any CPU.Build.0 = Debug|Any CPU
		{77876FC9-BA23-4BAE-9A06-9A63EFBA408B}.Release|Any CPU.ActiveCfg = Release|Any CPU
		{77876FC9-BA23-4BAE-9A06-9A63EFBA408B}.Release|Any CPU.Build.0 = Release|Any CPU
	EndGlobalSection
	GlobalSection(SolutionProperties) = preSolution
		HideSolutionNode = FALSE
	EndGlobalSection
	GlobalSection(ExtensibilityGlobals) = postSolution
		SolutionGuid = {FA27058C-B3FE-4330-B50B-7566C861AA95}
	EndGlobalSection
EndGlobal
