
Microsoft Visual Studio Solution File, Format Version 12.00
# Visual Studio Version 16
VisualStudioVersion = 16.0.32413.511
MinimumVisualStudioVersion = 10.0.40219.1
Project("{FAE04EC0-301F-11D3-BF4B-00C04F79EFBC}") = "ConsoleApp4", "ConsoleApp4.csproj", "{ADEA2662-ABC8-46A5-809A-2C645BE0A1FD}"
EndProject
Global
	GlobalSection(SolutionConfigurationPlatforms) = preSolution
		Debug|Any CPU = Debug|Any CPU
		Release|Any CPU = Release|Any CPU
	EndGlobalSection
	GlobalSection(ProjectConfigurationPlatforms) = postSolution
		{ADEA2662-ABC8-46A5-809A-2C645BE0A1FD}.Debug|Any CPU.ActiveCfg = Debug|Any CPU
		{ADEA2662-ABC8-46A5-809A-2C645BE0A1FD}.Debug|Any CPU.Build.0 = Debug|Any CPU
		{ADEA2662-ABC8-46A5-809A-2C645BE0A1FD}.Release|Any CPU.ActiveCfg = Release|Any CPU
		{ADEA2662-ABC8-46A5-809A-2C645BE0A1FD}.Release|Any CPU.Build.0 = Release|Any CPU
	EndGlobalSection
	GlobalSection(SolutionProperties) = preSolution
		HideSolutionNode = FALSE
	EndGlobalSection
	GlobalSection(ExtensibilityGlobals) = postSolution
		SolutionGuid = {B0D8DFA0-44BF-46F2-80E8-FE8546B7ED00}
	EndGlobalSection
EndGlobal
